
Microsoft Visual Studio Solution File, Format Version 12.00
# Visual Studio Version 17
VisualStudioVersion = 17.2.32602.215
MinimumVisualStudioVersion = 10.0.40219.1
Project("{9A19103F-16F7-4668-BE54-9A1E7A4F7556}") = "Application", "Application\Application.csproj", "{498C7E3C-567A-43D9-864E-C0370284B251}"
	ProjectSection(ProjectDependencies) = postProject
		{1D9B082C-20AB-4572-ADBD-03ECC9F9F4C2} = {1D9B082C-20AB-4572-ADBD-03ECC9F9F4C2}
	EndProjectSection
EndProject
Project("{9A19103F-16F7-4668-BE54-9A1E7A4F7556}") = "Domain", "Dominio\Domain.csproj", "{1D9B082C-20AB-4572-ADBD-03ECC9F9F4C2}"
EndProject
Project("{9A19103F-16F7-4668-BE54-9A1E7A4F7556}") = "Infra", "Infra\Infra.csproj", "{AC033BD8-97E6-4981-B1B2-D77F517004E1}"
EndProject
Project("{9A19103F-16F7-4668-BE54-9A1E7A4F7556}") = "TesteUnitario", "TesteUnitario\TesteUnitario.csproj", "{60E10A22-07DB-4578-A730-E3C42269555D}"
EndProject
Global
	GlobalSection(SolutionConfigurationPlatforms) = preSolution
		Debug|Any CPU = Debug|Any CPU
		Release|Any CPU = Release|Any CPU
	EndGlobalSection
	GlobalSection(ProjectConfigurationPlatforms) = postSolution
		{498C7E3C-567A-43D9-864E-C0370284B251}.Debug|Any CPU.ActiveCfg = Debug|Any CPU
		{498C7E3C-567A-43D9-864E-C0370284B251}.Debug|Any CPU.Build.0 = Debug|Any CPU
		{498C7E3C-567A-43D9-864E-C0370284B251}.Release|Any CPU.ActiveCfg = Release|Any CPU
		{498C7E3C-567A-43D9-864E-C0370284B251}.Release|Any CPU.Build.0 = Release|Any CPU
		{1D9B082C-20AB-4572-ADBD-03ECC9F9F4C2}.Debug|Any CPU.ActiveCfg = Debug|Any CPU
		{1D9B082C-20AB-4572-ADBD-03ECC9F9F4C2}.Debug|Any CPU.Build.0 = Debug|Any CPU
		{1D9B082C-20AB-4572-ADBD-03ECC9F9F4C2}.Release|Any CPU.ActiveCfg = Release|Any CPU
		{1D9B082C-20AB-4572-ADBD-03ECC9F9F4C2}.Release|Any CPU.Build.0 = Release|Any CPU
		{AC033BD8-97E6-4981-B1B2-D77F517004E1}.Debug|Any CPU.ActiveCfg = Debug|Any CPU
		{AC033BD8-97E6-4981-B1B2-D77F517004E1}.Debug|Any CPU.Build.0 = Debug|Any CPU
		{AC033BD8-97E6-4981-B1B2-D77F517004E1}.Release|Any CPU.ActiveCfg = Release|Any CPU
		{AC033BD8-97E6-4981-B1B2-D77F517004E1}.Release|Any CPU.Build.0 = Release|Any CPU
		{60E10A22-07DB-4578-A730-E3C42269555D}.Debug|Any CPU.ActiveCfg = Debug|Any CPU
		{60E10A22-07DB-4578-A730-E3C42269555D}.Debug|Any CPU.Build.0 = Debug|Any CPU
		{60E10A22-07DB-4578-A730-E3C42269555D}.Release|Any CPU.ActiveCfg = Release|Any CPU
		{60E10A22-07DB-4578-A730-E3C42269555D}.Release|Any CPU.Build.0 = Release|Any CPU
	EndGlobalSection
	GlobalSection(SolutionProperties) = preSolution
		HideSolutionNode = FALSE
	EndGlobalSection
	GlobalSection(ExtensibilityGlobals) = postSolution
		SolutionGuid = {61D1FE65-6791-4AD8-BEFC-8A054D072AE6}
	EndGlobalSection
EndGlobal
